
Microsoft Visual Studio Solution File, Format Version 12.00
# Visual Studio Version 17
VisualStudioVersion = 17.7.34024.191
MinimumVisualStudioVersion = 10.0.40219.1
Project("{9A19103F-16F7-4668-BE54-9A1E7A4F7556}") = "CASPAR", "CASPAR\CASPAR.csproj", "{22C008E3-EBDA-4CC4-AA83-B96CC895A68D}"
EndProject
Project("{9A19103F-16F7-4668-BE54-9A1E7A4F7556}") = "DataAccess", "DataAccess\DataAccess.csproj", "{4F44265D-0384-4DDA-BE08-0B2D34CE452C}"
EndProject
Project("{9A19103F-16F7-4668-BE54-9A1E7A4F7556}") = "Infrastructure", "Infrastructure\Infrastructure.csproj", "{E4431E03-824A-4E47-85DC-ABEAA32F59DA}"
EndProject
Project("{9A19103F-16F7-4668-BE54-9A1E7A4F7556}") = "Utility", "Utility\Utility.csproj", "{208F3444-1637-46B0-8043-6B2EA6B57EC0}"
EndProject
Global
	GlobalSection(SolutionConfigurationPlatforms) = preSolution
		Debug|Any CPU = Debug|Any CPU
		Release|Any CPU = Release|Any CPU
	EndGlobalSection
	GlobalSection(ProjectConfigurationPlatforms) = postSolution
		{22C008E3-EBDA-4CC4-AA83-B96CC895A68D}.Debug|Any CPU.ActiveCfg = Debug|Any CPU
		{22C008E3-EBDA-4CC4-AA83-B96CC895A68D}.Debug|Any CPU.Build.0 = Debug|Any CPU
		{22C008E3-EBDA-4CC4-AA83-B96CC895A68D}.Release|Any CPU.ActiveCfg = Release|Any CPU
		{22C008E3-EBDA-4CC4-AA83-B96CC895A68D}.Release|Any CPU.Build.0 = Release|Any CPU
		{4F44265D-0384-4DDA-BE08-0B2D34CE452C}.Debug|Any CPU.ActiveCfg = Debug|Any CPU
		{4F44265D-0384-4DDA-BE08-0B2D34CE452C}.Debug|Any CPU.Build.0 = Debug|Any CPU
		{4F44265D-0384-4DDA-BE08-0B2D34CE452C}.Release|Any CPU.ActiveCfg = Release|Any CPU
		{4F44265D-0384-4DDA-BE08-0B2D34CE452C}.Release|Any CPU.Build.0 = Release|Any CPU
		{E4431E03-824A-4E47-85DC-ABEAA32F59DA}.Debug|Any CPU.ActiveCfg = Debug|Any CPU
		{E4431E03-824A-4E47-85DC-ABEAA32F59DA}.Debug|Any CPU.Build.0 = Debug|Any CPU
		{E4431E03-824A-4E47-85DC-ABEAA32F59DA}.Release|Any CPU.ActiveCfg = Release|Any CPU
		{E4431E03-824A-4E47-85DC-ABEAA32F59DA}.Release|Any CPU.Build.0 = Release|Any CPU
		{208F3444-1637-46B0-8043-6B2EA6B57EC0}.Debug|Any CPU.ActiveCfg = Debug|Any CPU
		{208F3444-1637-46B0-8043-6B2EA6B57EC0}.Debug|Any CPU.Build.0 = Debug|Any CPU
		{208F3444-1637-46B0-8043-6B2EA6B57EC0}.Release|Any CPU.ActiveCfg = Release|Any CPU
		{208F3444-1637-46B0-8043-6B2EA6B57EC0}.Release|Any CPU.Build.0 = Release|Any CPU
	EndGlobalSection
	GlobalSection(SolutionProperties) = preSolution
		HideSolutionNode = FALSE
	EndGlobalSection
	GlobalSection(ExtensibilityGlobals) = postSolution
		SolutionGuid = {57CEBD82-99F1-4455-965B-A043DEA0701D}
	EndGlobalSection
EndGlobal
